
Microsoft Visual Studio Solution File, Format Version 12.00
# Visual Studio Version 17
VisualStudioVersion = 17.11.35303.130
MinimumVisualStudioVersion = 10.0.40219.1
Project("{FAE04EC0-301F-11D3-BF4B-00C04F79EFBC}") = "for_fuggveny_neu", "for_fuggveny_neu\for_fuggveny_neu.csproj", "{ACF32F1D-11AA-4B01-BC62-9486715D614F}"
EndProject
Global
	GlobalSection(SolutionConfigurationPlatforms) = preSolution
		Debug|Any CPU = Debug|Any CPU
		Release|Any CPU = Release|Any CPU
	EndGlobalSection
	GlobalSection(ProjectConfigurationPlatforms) = postSolution
		{ACF32F1D-11AA-4B01-BC62-9486715D614F}.Debug|Any CPU.ActiveCfg = Debug|Any CPU
		{ACF32F1D-11AA-4B01-BC62-9486715D614F}.Debug|Any CPU.Build.0 = Debug|Any CPU
		{ACF32F1D-11AA-4B01-BC62-9486715D614F}.Release|Any CPU.ActiveCfg = Release|Any CPU
		{ACF32F1D-11AA-4B01-BC62-9486715D614F}.Release|Any CPU.Build.0 = Release|Any CPU
	EndGlobalSection
	GlobalSection(SolutionProperties) = preSolution
		HideSolutionNode = FALSE
	EndGlobalSection
	GlobalSection(ExtensibilityGlobals) = postSolution
		SolutionGuid = {82281D66-2533-4652-8F76-B9994C0CF8E0}
	EndGlobalSection
EndGlobal
